
Microsoft Visual Studio Solution File, Format Version 12.00
# Visual Studio Version 16
VisualStudioVersion = 16.0.33328.57
MinimumVisualStudioVersion = 10.0.40219.1
Project("{FAE04EC0-301F-11D3-BF4B-00C04F79EFBC}") = "Kyec_Data_Extractor", "Kyec_Data_Extractor.csproj", "{366944A3-B480-4B46-8748-7EA44CF922E2}"
EndProject
Global
	GlobalSection(SolutionConfigurationPlatforms) = preSolution
		Debug|Any CPU = Debug|Any CPU
		Release|Any CPU = Release|Any CPU
	EndGlobalSection
	GlobalSection(ProjectConfigurationPlatforms) = postSolution
		{366944A3-B480-4B46-8748-7EA44CF922E2}.Debug|Any CPU.ActiveCfg = Debug|Any CPU
		{366944A3-B480-4B46-8748-7EA44CF922E2}.Debug|Any CPU.Build.0 = Debug|Any CPU
		{366944A3-B480-4B46-8748-7EA44CF922E2}.Release|Any CPU.ActiveCfg = Release|Any CPU
		{366944A3-B480-4B46-8748-7EA44CF922E2}.Release|Any CPU.Build.0 = Release|Any CPU
	EndGlobalSection
	GlobalSection(SolutionProperties) = preSolution
		HideSolutionNode = FALSE
	EndGlobalSection
	GlobalSection(ExtensibilityGlobals) = postSolution
		SolutionGuid = {4D3068FA-2B29-4F7A-87F2-06911B606751}
	EndGlobalSection
EndGlobal
